{"1.1.0",
[{<<"amqp_client">>,
  {git,"git@github.com:jbrisbin/amqp_client",
       {ref,"d50aec00b94f0766a048b4eceaf25ddfdeeb1d86"}},
  0},
 {<<"kla">>,{pkg,<<"kla">>,<<"0.8.0-rc4">>},0},
 {<<"lfe">>,{pkg,<<"lfe">>,<<"1.2.0">>},0},
 {<<"rabbit_common">>,
  {git,"git@github.com:jbrisbin/rabbit_common",
       {ref,"80814606ae23cc820c74e443383e192cd69ec030"}},
  0}]}.
[
{pkg_hash,[
 {<<"kla">>, <<"0E6A7FD64A387E746F081D28C6793200CFC1F01126E36C975A6A91E8858E1C4B">>},
 {<<"lfe">>, <<"257708859C0A6949F174CECEE6F08BB5D6F08C0F97EC7B75C07072014723ECBC">>}]}
].
